
Microsoft Visual Studio Solution File, Format Version 12.00
# Visual Studio Version 17
VisualStudioVersion = 17.14.36915.13
MinimumVisualStudioVersion = 10.0.40219.1
Project("{FAE04EC0-301F-11D3-BF4B-00C04F79EFBC}") = "Dwarf.Digger", "Dwarf.Digger\Dwarf.Digger.csproj", "{97560CFB-7D13-4C23-915D-1AFBD743255A}"
EndProject
Project("{2150E333-8FDC-42A3-9474-1A3956D46DE8}") = "build", "build", "{02EA681E-C7D8-13C7-8484-4AC65E1B71E8}"
	ProjectSection(SolutionItems) = preProject
		..\Directory.Build.props = ..\Directory.Build.props
		..\Directory.Build.targets = ..\Directory.Build.targets
		..\build\NUnit.Tests.targets = ..\build\NUnit.Tests.targets
	EndProjectSection
EndProject
Project("{2150E333-8FDC-42A3-9474-1A3956D46DE8}") = "docs", "docs", "{168A54EF-34F0-4413-A2E9-95ADADF8BD99}"
	ProjectSection(SolutionItems) = preProject
		docs\note.md = docs\note.md
	EndProjectSection
EndProject
Global
	GlobalSection(SolutionConfigurationPlatforms) = preSolution
		Debug|Any CPU = Debug|Any CPU
		Release|Any CPU = Release|Any CPU
		Tests|Any CPU = Tests|Any CPU
	EndGlobalSection
	GlobalSection(ProjectConfigurationPlatforms) = postSolution
		{97560CFB-7D13-4C23-915D-1AFBD743255A}.Debug|Any CPU.ActiveCfg = Debug|Any CPU
		{97560CFB-7D13-4C23-915D-1AFBD743255A}.Debug|Any CPU.Build.0 = Debug|Any CPU
		{97560CFB-7D13-4C23-915D-1AFBD743255A}.Release|Any CPU.ActiveCfg = Release|Any CPU
		{97560CFB-7D13-4C23-915D-1AFBD743255A}.Release|Any CPU.Build.0 = Release|Any CPU
		{97560CFB-7D13-4C23-915D-1AFBD743255A}.Tests|Any CPU.ActiveCfg = Tests|Any CPU
		{97560CFB-7D13-4C23-915D-1AFBD743255A}.Tests|Any CPU.Build.0 = Tests|Any CPU
	EndGlobalSection
	GlobalSection(SolutionProperties) = preSolution
		HideSolutionNode = FALSE
	EndGlobalSection
	GlobalSection(ExtensibilityGlobals) = postSolution
		SolutionGuid = {A687C42B-099F-4EDC-ADCE-AC403E996DF0}
	EndGlobalSection
EndGlobal
